
Microsoft Visual Studio Solution File, Format Version 12.00
# Visual Studio Version 17
VisualStudioVersion = 17.11.35327.3
MinimumVisualStudioVersion = 10.0.40219.1
Project("{FAE04EC0-301F-11D3-BF4B-00C04F79EFBC}") = "ftp", "ftp\ftp.csproj", "{9CCB96C9-FF6C-4199-AAD6-D19137D0F993}"
EndProject
Global
	GlobalSection(SolutionConfigurationPlatforms) = preSolution
		Debug|Any CPU = Debug|Any CPU
		Release|Any CPU = Release|Any CPU
	EndGlobalSection
	GlobalSection(ProjectConfigurationPlatforms) = postSolution
		{9CCB96C9-FF6C-4199-AAD6-D19137D0F993}.Debug|Any CPU.ActiveCfg = Debug|Any CPU
		{9CCB96C9-FF6C-4199-AAD6-D19137D0F993}.Debug|Any CPU.Build.0 = Debug|Any CPU
		{9CCB96C9-FF6C-4199-AAD6-D19137D0F993}.Release|Any CPU.ActiveCfg = Release|Any CPU
		{9CCB96C9-FF6C-4199-AAD6-D19137D0F993}.Release|Any CPU.Build.0 = Release|Any CPU
	EndGlobalSection
	GlobalSection(SolutionProperties) = preSolution
		HideSolutionNode = FALSE
	EndGlobalSection
	GlobalSection(ExtensibilityGlobals) = postSolution
		SolutionGuid = {7531950D-29BD-475F-AD88-72DFC0DA785A}
	EndGlobalSection
EndGlobal
